// !$*UTF8*$!
{
	archiveVersion = 1;
	classes = {
	};
	objectVersion = 77;
	objects = {

/* Begin PBXBuildFile section */
		9F83BBCD2D7AC7BE0097C496 /* RealityKit.framework in Frameworks */ = {isa = PBXBuildFile; fileRef = 9F83BBCC2D7AC7BE0097C496 /* RealityKit.framework */; };
		9F83BBCF2D7AC7C70097C496 /* ARKit.framework in Frameworks */ = {isa = PBXBuildFile; fileRef = 9F83BBCE2D7AC7C70097C496 /* ARKit.framework */; };
		9F83BBD12D7AC81B0097C496 /* Metal.framework in Frameworks */ = {isa = PBXBuildFile; fileRef = 9F83BBD02D7AC81B0097C496 /* Metal.framework */; };
		9F83BBD32D7AC8260097C496 /* SceneKit.framework in Frameworks */ = {isa = PBXBuildFile; fileRef = 9F83BBD22D7AC8260097C496 /* SceneKit.framework */; };
		9F83BBD52D7AC8300097C496 /* AVFoundation.framework in Frameworks */ = {isa = PBXBuildFile; fileRef = 9F83BBD42D7AC8300097C496 /* AVFoundation.framework */; };
		9F83BBD72D7AC8F80097C496 /* MetalKit.framework in Frameworks */ = {isa = PBXBuildFile; fileRef = 9F83BBD62D7AC8F80097C496 /* MetalKit.framework */; };
		9F83BBD92D7AC9050097C496 /* ModelIO.framework in Frameworks */ = {isa = PBXBuildFile; fileRef = 9F83BBD82D7AC9050097C496 /* ModelIO.framework */; };
		9F83BBDB2D7AC9100097C496 /* QuartzCore.framework in Frameworks */ = {isa = PBXBuildFile; fileRef = 9F83BBDA2D7AC9100097C496 /* QuartzCore.framework */; };
/* End PBXBuildFile section */

/* Begin PBXContainerItemProxy section */
		9F83BBAF2D7AC6900097C496 /* PBXContainerItemProxy */ = {
			isa = PBXContainerItemProxy;
			containerPortal = 9F83BB962D7AC6900097C496 /* Project object */;
			proxyType = 1;
			remoteGlobalIDString = 9F83BB9D2D7AC6900097C496;
			remoteInfo = dash;
		};
		9F83BBB92D7AC6900097C496 /* PBXContainerItemProxy */ = {
			isa = PBXContainerItemProxy;
			containerPortal = 9F83BB962D7AC6900097C496 /* Project object */;
			proxyType = 1;
			remoteGlobalIDString = 9F83BB9D2D7AC6900097C496;
			remoteInfo = dash;
		};
/* End PBXContainerItemProxy section */

/* Begin PBXFileReference section */
		9F83BB9E2D7AC6900097C496 /* dash.app */ = {isa = PBXFileReference; explicitFileType = wrapper.application; includeInIndex = 0; path = dash.app; sourceTree = BUILT_PRODUCTS_DIR; };
		9F83BBAE2D7AC6900097C496 /* dashTests.xctest */ = {isa = PBXFileReference; explicitFileType = wrapper.cfbundle; includeInIndex = 0; path = dashTests.xctest; sourceTree = BUILT_PRODUCTS_DIR; };
		9F83BBB82D7AC6900097C496 /* dashUITests.xctest */ = {isa = PBXFileReference; explicitFileType = wrapper.cfbundle; includeInIndex = 0; path = dashUITests.xctest; sourceTree = BUILT_PRODUCTS_DIR; };
		9F83BBCC2D7AC7BE0097C496 /* RealityKit.framework */ = {isa = PBXFileReference; lastKnownFileType = wrapper.framework; name = RealityKit.framework; path = System/Library/Frameworks/RealityKit.framework; sourceTree = SDKROOT; };
		9F83BBCE2D7AC7C70097C496 /* ARKit.framework */ = {isa = PBXFileReference; lastKnownFileType = wrapper.framework; name = ARKit.framework; path = System/Library/Frameworks/ARKit.framework; sourceTree = SDKROOT; };
		9F83BBD02D7AC81B0097C496 /* Metal.framework */ = {isa = PBXFileReference; lastKnownFileType = wrapper.framework; name = Metal.framework; path = System/Library/Frameworks/Metal.framework; sourceTree = SDKROOT; };
		9F83BBD22D7AC8260097C496 /* SceneKit.framework */ = {isa = PBXFileReference; lastKnownFileType = wrapper.framework; name = SceneKit.framework; path = System/Library/Frameworks/SceneKit.framework; sourceTree = SDKROOT; };
		9F83BBD42D7AC8300097C496 /* AVFoundation.framework */ = {isa = PBXFileReference; lastKnownFileType = wrapper.framework; name = AVFoundation.framework; path = System/Library/Frameworks/AVFoundation.framework; sourceTree = SDKROOT; };
		9F83BBD62D7AC8F80097C496 /* MetalKit.framework */ = {isa = PBXFileReference; lastKnownFileType = wrapper.framework; name = MetalKit.framework; path = System/Library/Frameworks/MetalKit.framework; sourceTree = SDKROOT; };
		9F83BBD82D7AC9050097C496 /* ModelIO.framework */ = {isa = PBXFileReference; lastKnownFileType = wrapper.framework; name = ModelIO.framework; path = System/Library/Frameworks/ModelIO.framework; sourceTree = SDKROOT; };
		9F83BBDA2D7AC9100097C496 /* QuartzCore.framework */ = {isa = PBXFileReference; lastKnownFileType = wrapper.framework; name = QuartzCore.framework; path = System/Library/Frameworks/QuartzCore.framework; sourceTree = SDKROOT; };
/* End PBXFileReference section */

/* Begin PBXFileSystemSynchronizedRootGroup section */
		9F83BBA02D7AC6900097C496 /* dash */ = {
			isa = PBXFileSystemSynchronizedRootGroup;
			path = dash;
			sourceTree = "<group>";
		};
		9F83BBB12D7AC6900097C496 /* dashTests */ = {
			isa = PBXFileSystemSynchronizedRootGroup;
			path = dashTests;
			sourceTree = "<group>";
		};
		9F83BBBB2D7AC6900097C496 /* dashUITests */ = {
			isa = PBXFileSystemSynchronizedRootGroup;
			path = dashUITests;
			sourceTree = "<group>";
		};
/* End PBXFileSystemSynchronizedRootGroup section */

/* Begin PBXFrameworksBuildPhase section */
		9F83BB9B2D7AC6900097C496 /* Frameworks */ = {
			isa = PBXFrameworksBuildPhase;
			buildActionMask = 2147483647;
			files = (
				9F83BBDB2D7AC9100097C496 /* QuartzCore.framework in Frameworks */,
				9F83BBD92D7AC9050097C496 /* ModelIO.framework in Frameworks */,
				9F83BBD32D7AC8260097C496 /* SceneKit.framework in Frameworks */,
				9F83BBCF2D7AC7C70097C496 /* ARKit.framework in Frameworks */,
				9F83BBD52D7AC8300097C496 /* AVFoundation.framework in Frameworks */,
				9F83BBD72D7AC8F80097C496 /* MetalKit.framework in Frameworks */,
				9F83BBD12D7AC81B0097C496 /* Metal.framework in Frameworks */,
				9F83BBCD2D7AC7BE0097C496 /* RealityKit.framework in Frameworks */,
			);
			runOnlyForDeploymentPostprocessing = 0;
		};
		9F83BBAB2D7AC6900097C496 /* Frameworks */ = {
			isa = PBXFrameworksBuildPhase;
			buildActionMask = 2147483647;
			files = (
			);
			runOnlyForDeploymentPostprocessing = 0;
		};
		9F83BBB52D7AC6900097C496 /* Frameworks */ = {
			isa = PBXFrameworksBuildPhase;
			buildActionMask = 2147483647;
			files = (
			);
			runOnlyForDeploymentPostprocessing = 0;
		};
/* End PBXFrameworksBuildPhase section */

/* Begin PBXGroup section */
		9F83BB952D7AC6900097C496 = {
			isa = PBXGroup;
			children = (
				9F83BBA02D7AC6900097C496 /* dash */,
				9F83BBB12D7AC6900097C496 /* dashTests */,
				9F83BBBB2D7AC6900097C496 /* dashUITests */,
				9F83BBCB2D7AC7BE0097C496 /* Frameworks */,
				9F83BB9F2D7AC6900097C496 /* Products */,
			);
			sourceTree = "<group>";
		};
		9F83BB9F2D7AC6900097C496 /* Products */ = {
			isa = PBXGroup;
			children = (
				9F83BB9E2D7AC6900097C496 /* dash.app */,
				9F83BBAE2D7AC6900097C496 /* dashTests.xctest */,
				9F83BBB82D7AC6900097C496 /* dashUITests.xctest */,
			);
			name = Products;
			sourceTree = "<group>";
		};
		9F83BBCB2D7AC7BE0097C496 /* Frameworks */ = {
			isa = PBXGroup;
			children = (
				9F83BBDA2D7AC9100097C496 /* QuartzCore.framework */,
				9F83BBD82D7AC9050097C496 /* ModelIO.framework */,
				9F83BBD62D7AC8F80097C496 /* MetalKit.framework */,
				9F83BBD42D7AC8300097C496 /* AVFoundation.framework */,
				9F83BBD22D7AC8260097C496 /* SceneKit.framework */,
				9F83BBD02D7AC81B0097C496 /* Metal.framework */,
				9F83BBCE2D7AC7C70097C496 /* ARKit.framework */,
				9F83BBCC2D7AC7BE0097C496 /* RealityKit.framework */,
			);
			name = Frameworks;
			sourceTree = "<group>";
		};
/* End PBXGroup section */

/* Begin PBXNativeTarget section */
		9F83BB9D2D7AC6900097C496 /* dash */ = {
			isa = PBXNativeTarget;
			buildConfigurationList = 9F83BBC22D7AC6900097C496 /* Build configuration list for PBXNativeTarget "dash" */;
			buildPhases = (
				9F83BB9A2D7AC6900097C496 /* Sources */,
				9F83BB9B2D7AC6900097C496 /* Frameworks */,
				9F83BB9C2D7AC6900097C496 /* Resources */,
			);
			buildRules = (
			);
			dependencies = (
			);
			fileSystemSynchronizedGroups = (
				9F83BBA02D7AC6900097C496 /* dash */,
			);
			name = dash;
			packageProductDependencies = (
			);
			productName = dash;
			productReference = 9F83BB9E2D7AC6900097C496 /* dash.app */;
			productType = "com.apple.product-type.application";
		};
		9F83BBAD2D7AC6900097C496 /* dashTests */ = {
			isa = PBXNativeTarget;
			buildConfigurationList = 9F83BBC52D7AC6900097C496 /* Build configuration list for PBXNativeTarget "dashTests" */;
			buildPhases = (
				9F83BBAA2D7AC6900097C496 /* Sources */,
				9F83BBAB2D7AC6900097C496 /* Frameworks */,
				9F83BBAC2D7AC6900097C496 /* Resources */,
			);
			buildRules = (
			);
			dependencies = (
				9F83BBB02D7AC6900097C496 /* PBXTargetDependency */,
			);
			fileSystemSynchronizedGroups = (
				9F83BBB12D7AC6900097C496 /* dashTests */,
			);
			name = dashTests;
			packageProductDependencies = (
			);
			productName = dashTests;
			productReference = 9F83BBAE2D7AC6900097C496 /* dashTests.xctest */;
			productType = "com.apple.product-type.bundle.unit-test";
		};
		9F83BBB72D7AC6900097C496 /* dashUITests */ = {
			isa = PBXNativeTarget;
			buildConfigurationList = 9F83BBC82D7AC6900097C496 /* Build configuration list for PBXNativeTarget "dashUITests" */;
			buildPhases = (
				9F83BBB42D7AC6900097C496 /* Sources */,
				9F83BBB52D7AC6900097C496 /* Frameworks */,
				9F83BBB62D7AC6900097C496 /* Resources */,
			);
			buildRules = (
			);
			dependencies = (
				9F83BBBA2D7AC6900097C496 /* PBXTargetDependency */,
			);
			fileSystemSynchronizedGroups = (
				9F83BBBB2D7AC6900097C496 /* dashUITests */,
			);
			name = dashUITests;
			packageProductDependencies = (
			);
			productName = dashUITests;
			productReference = 9F83BBB82D7AC6900097C496 /* dashUITests.xctest */;
			productType = "com.apple.product-type.bundle.ui-testing";
		};
/* End PBXNativeTarget section */

/* Begin PBXProject section */
		9F83BB962D7AC6900097C496 /* Project object */ = {
			isa = PBXProject;
			attributes = {
				BuildIndependentTargetsInParallel = 1;
				LastSwiftUpdateCheck = 1620;
				LastUpgradeCheck = 1620;
				TargetAttributes = {
					9F83BB9D2D7AC6900097C496 = {
						CreatedOnToolsVersion = 16.2;
					};
					9F83BBAD2D7AC6900097C496 = {
						CreatedOnToolsVersion = 16.2;
						TestTargetID = 9F83BB9D2D7AC6900097C496;
					};
					9F83BBB72D7AC6900097C496 = {
						CreatedOnToolsVersion = 16.2;
						TestTargetID = 9F83BB9D2D7AC6900097C496;
					};
				};
			};
			buildConfigurationList = 9F83BB992D7AC6900097C496 /* Build configuration list for PBXProject "dash" */;
			developmentRegion = en;
			hasScannedForEncodings = 0;
			knownRegions = (
				en,
				Base,
			);
			mainGroup = 9F83BB952D7AC6900097C496;
			minimizedProjectReferenceProxies = 1;
			preferredProjectObjectVersion = 77;
			productRefGroup = 9F83BB9F2D7AC6900097C496 /* Products */;
			projectDirPath = "";
			projectRoot = "";
			targets = (
				9F83BB9D2D7AC6900097C496 /* dash */,
				9F83BBAD2D7AC6900097C496 /* dashTests */,
				9F83BBB72D7AC6900097C496 /* dashUITests */,
			);
		};
/* End PBXProject section */

/* Begin PBXResourcesBuildPhase section */
		9F83BB9C2D7AC6900097C496 /* Resources */ = {
			isa = PBXResourcesBuildPhase;
			buildActionMask = 2147483647;
			files = (
			);
			runOnlyForDeploymentPostprocessing = 0;
		};
		9F83BBAC2D7AC6900097C496 /* Resources */ = {
			isa = PBXResourcesBuildPhase;
			buildActionMask = 2147483647;
			files = (
			);
			runOnlyForDeploymentPostprocessing = 0;
		};
		9F83BBB62D7AC6900097C496 /* Resources */ = {
			isa = PBXResourcesBuildPhase;
			buildActionMask = 2147483647;
			files = (
			);
			runOnlyForDeploymentPostprocessing = 0;
		};
/* End PBXResourcesBuildPhase section */

/* Begin PBXSourcesBuildPhase section */
		9F83BB9A2D7AC6900097C496 /* Sources */ = {
			isa = PBXSourcesBuildPhase;
			buildActionMask = 2147483647;
			files = (
			);
			runOnlyForDeploymentPostprocessing = 0;
		};
		9F83BBAA2D7AC6900097C496 /* Sources */ = {
			isa = PBXSourcesBuildPhase;
			buildActionMask = 2147483647;
			files = (
			);
			runOnlyForDeploymentPostprocessing = 0;
		};
		9F83BBB42D7AC6900097C496 /* Sources */ = {
			isa = PBXSourcesBuildPhase;
			buildActionMask = 2147483647;
			files = (
			);
			runOnlyForDeploymentPostprocessing = 0;
		};
/* End PBXSourcesBuildPhase section */

/* Begin PBXTargetDependency section */
		9F83BBB02D7AC6900097C496 /* PBXTargetDependency */ = {
			isa = PBXTargetDependency;
			target = 9F83BB9D2D7AC6900097C496 /* dash */;
			targetProxy = 9F83BBAF2D7AC6900097C496 /* PBXContainerItemProxy */;
		};
		9F83BBBA2D7AC6900097C496 /* PBXTargetDependency */ = {
			isa = PBXTargetDependency;
			target = 9F83BB9D2D7AC6900097C496 /* dash */;
			targetProxy = 9F83BBB92D7AC6900097C496 /* PBXContainerItemProxy */;
		};
/* End PBXTargetDependency section */

/* Begin XCBuildConfiguration section */
		9F83BBC02D7AC6900097C496 /* Debug */ = {
			isa = XCBuildConfiguration;
			buildSettings = {
				ALWAYS_SEARCH_USER_PATHS = NO;
				ASSETCATALOG_COMPILER_GENERATE_SWIFT_ASSET_SYMBOL_EXTENSIONS = YES;
				CLANG_ANALYZER_NONNULL = YES;
				CLANG_ANALYZER_NUMBER_OBJECT_CONVERSION = YES_AGGRESSIVE;
				CLANG_CXX_LANGUAGE_STANDARD = "gnu++20";
				CLANG_ENABLE_MODULES = YES;
				CLANG_ENABLE_OBJC_ARC = YES;
				CLANG_ENABLE_OBJC_WEAK = YES;
				CLANG_WARN_BLOCK_CAPTURE_AUTORELEASING = YES;
				CLANG_WARN_BOOL_CONVERSION = YES;
				CLANG_WARN_COMMA = YES;
				CLANG_WARN_CONSTANT_CONVERSION = YES;
				CLANG_WARN_DEPRECATED_OBJC_IMPLEMENTATIONS = YES;
				CLANG_WARN_DIRECT_OBJC_ISA_USAGE = YES_ERROR;
				CLANG_WARN_DOCUMENTATION_COMMENTS = YES;
				CLANG_WARN_EMPTY_BODY = YES;
				CLANG_WARN_ENUM_CONVERSION = YES;
				CLANG_WARN_INFINITE_RECURSION = YES;
				CLANG_WARN_INT_CONVERSION = YES;
				CLANG_WARN_NON_LITERAL_NULL_CONVERSION = YES;
				CLANG_WARN_OBJC_IMPLICIT_RETAIN_SELF = YES;
				CLANG_WARN_OBJC_LITERAL_CONVERSION = YES;
				CLANG_WARN_OBJC_ROOT_CLASS = YES_ERROR;
				CLANG_WARN_QUOTED_INCLUDE_IN_FRAMEWORK_HEADER = YES;
				CLANG_WARN_RANGE_LOOP_ANALYSIS = YES;
				CLANG_WARN_STRICT_PROTOTYPES = YES;
				CLANG_WARN_SUSPICIOUS_MOVE = YES;
				CLANG_WARN_UNGUARDED_AVAILABILITY = YES_AGGRESSIVE;
				CLANG_WARN_UNREACHABLE_CODE = YES;
				CLANG_WARN__DUPLICATE_METHOD_MATCH = YES;
				COPY_PHASE_STRIP = NO;
				DEBUG_INFORMATION_FORMAT = dwarf;
				ENABLE_STRICT_OBJC_MSGSEND = YES;
				ENABLE_TESTABILITY = YES;
				ENABLE_USER_SCRIPT_SANDBOXING = YES;
				GCC_C_LANGUAGE_STANDARD = gnu17;
				GCC_DYNAMIC_NO_PIC = NO;
				GCC_NO_COMMON_BLOCKS = YES;
				GCC_OPTIMIZATION_LEVEL = 0;
				GCC_PREPROCESSOR_DEFINITIONS = (
					"DEBUG=1",
					"$(inherited)",
				);
				GCC_WARN_64_TO_32_BIT_CONVERSION = YES;
				GCC_WARN_ABOUT_RETURN_TYPE = YES_ERROR;
				GCC_WARN_UNDECLARED_SELECTOR = YES;
				GCC_WARN_UNINITIALIZED_AUTOS = YES_AGGRESSIVE;
				GCC_WARN_UNUSED_FUNCTION = YES;
				GCC_WARN_UNUSED_VARIABLE = YES;
				IPHONEOS_DEPLOYMENT_TARGET = 18.2;
				LOCALIZATION_PREFERS_STRING_CATALOGS = YES;
				MTL_ENABLE_DEBUG_INFO = INCLUDE_SOURCE;
				MTL_FAST_MATH = YES;
				ONLY_ACTIVE_ARCH = YES;
				SDKROOT = iphoneos;
				SWIFT_ACTIVE_COMPILATION_CONDITIONS = "DEBUG $(inherited)";
				SWIFT_OPTIMIZATION_LEVEL = "-Onone";
			};
			name = Debug;
		};
		9F83BBC12D7AC6900097C496 /* Release */ = {
			isa = XCBuildConfiguration;
			buildSettings = {
				ALWAYS_SEARCH_USER_PATHS = NO;
				ASSETCATALOG_COMPILER_GENERATE_SWIFT_ASSET_SYMBOL_EXTENSIONS = YES;
				CLANG_ANALYZER_NONNULL = YES;
				CLANG_ANALYZER_NUMBER_OBJECT_CONVERSION = YES_AGGRESSIVE;
				CLANG_CXX_LANGUAGE_STANDARD = "gnu++20";
				CLANG_ENABLE_MODULES = YES;
				CLANG_ENABLE_OBJC_ARC = YES;
				CLANG_ENABLE_OBJC_WEAK = YES;
				CLANG_WARN_BLOCK_CAPTURE_AUTORELEASING = YES;
				CLANG_WARN_BOOL_CONVERSION = YES;
				CLANG_WARN_COMMA = YES;
				CLANG_WARN_CONSTANT_CONVERSION = YES;
				CLANG_WARN_DEPRECATED_OBJC_IMPLEMENTATIONS = YES;
				CLANG_WARN_DIRECT_OBJC_ISA_USAGE = YES_ERROR;
				CLANG_WARN_DOCUMENTATION_COMMENTS = YES;
				CLANG_WARN_EMPTY_BODY = YES;
				CLANG_WARN_ENUM_CONVERSION = YES;
				CLANG_WARN_INFINITE_RECURSION = YES;
				CLANG_WARN_INT_CONVERSION = YES;
				CLANG_WARN_NON_LITERAL_NULL_CONVERSION = YES;
				CLANG_WARN_OBJC_IMPLICIT_RETAIN_SELF = YES;
				CLANG_WARN_OBJC_LITERAL_CONVERSION = YES;
				CLANG_WARN_OBJC_ROOT_CLASS = YES_ERROR;
				CLANG_WARN_QUOTED_INCLUDE_IN_FRAMEWORK_HEADER = YES;
				CLANG_WARN_RANGE_LOOP_ANALYSIS = YES;
				CLANG_WARN_STRICT_PROTOTYPES = YES;
				CLANG_WARN_SUSPICIOUS_MOVE = YES;
				CLANG_WARN_UNGUARDED_AVAILABILITY = YES_AGGRESSIVE;
				CLANG_WARN_UNREACHABLE_CODE = YES;
				CLANG_WARN__DUPLICATE_METHOD_MATCH = YES;
				COPY_PHASE_STRIP = NO;
				DEBUG_INFORMATION_FORMAT = "dwarf-with-dsym";
				ENABLE_NS_ASSERTIONS = NO;
				ENABLE_STRICT_OBJC_MSGSEND = YES;
				ENABLE_USER_SCRIPT_SANDBOXING = YES;
				GCC_C_LANGUAGE_STANDARD = gnu17;
				GCC_NO_COMMON_BLOCKS = YES;
				GCC_WARN_64_TO_32_BIT_CONVERSION = YES;
				GCC_WARN_ABOUT_RETURN_TYPE = YES_ERROR;
				GCC_WARN_UNDECLARED_SELECTOR = YES;
				GCC_WARN_UNINITIALIZED_AUTOS = YES_AGGRESSIVE;
				GCC_WARN_UNUSED_FUNCTION = YES;
				GCC_WARN_UNUSED_VARIABLE = YES;
				IPHONEOS_DEPLOYMENT_TARGET = 18.2;
				LOCALIZATION_PREFERS_STRING_CATALOGS = YES;
				MTL_ENABLE_DEBUG_INFO = NO;
				MTL_FAST_MATH = YES;
				SDKROOT = iphoneos;
				SWIFT_COMPILATION_MODE = wholemodule;
				VALIDATE_PRODUCT = YES;
			};
			name = Release;
		};
		9F83BBC32D7AC6900097C496 /* Debug */ = {
			isa = XCBuildConfiguration;
			buildSettings = {
				ASSETCATALOG_COMPILER_APPICON_NAME = AppIcon;
				ASSETCATALOG_COMPILER_GLOBAL_ACCENT_COLOR_NAME = AccentColor;
				CODE_SIGN_STYLE = Automatic;
				CURRENT_PROJECT_VERSION = 1;
				DEVELOPMENT_ASSET_PATHS = "\"dash/Preview Content\"";
				DEVELOPMENT_TEAM = 6TUGPA6N3Q;
				ENABLE_PREVIEWS = YES;
				GENERATE_INFOPLIST_FILE = YES;
				INFOPLIST_KEY_CFBundleDisplayName = DASH;
				INFOPLIST_KEY_LSApplicationCategoryType = "public.app-category.developer-tools";
				INFOPLIST_KEY_NSCameraUsageDescription = "";
				INFOPLIST_KEY_UIApplicationSupportsIndirectInputEvents = YES;
				INFOPLIST_KEY_UILaunchScreen_Generation = YES;
				INFOPLIST_KEY_UIRequiredDeviceCapabilities = arkit;
				INFOPLIST_KEY_UIStatusBarHidden = YES;
				INFOPLIST_KEY_UISupportedInterfaceOrientations = UIInterfaceOrientationPortrait;
				IPHONEOS_DEPLOYMENT_TARGET = 18.0;
				LD_RUNPATH_SEARCH_PATHS = (
					"$(inherited)",
					"@executable_path/Frameworks",
				);
				MARKETING_VERSION = 1.0;
				PRODUCT_BUNDLE_IDENTIFIER = com.example.tszjhlr.dash;
				PRODUCT_NAME = "$(TARGET_NAME)";
				SUPPORTED_PLATFORMS = "iphoneos iphonesimulator";
				SUPPORTS_MACCATALYST = NO;
				SUPPORTS_MAC_DESIGNED_FOR_IPHONE_IPAD = NO;
				SUPPORTS_XR_DESIGNED_FOR_IPHONE_IPAD = NO;
				SWIFT_EMIT_LOC_STRINGS = YES;
				SWIFT_VERSION = 5.0;
				TARGETED_DEVICE_FAMILY = 1;
			};
			name = Debug;
		};
		9F83BBC42D7AC6900097C496 /* Release */ = {
			isa = XCBuildConfiguration;
			buildSettings = {
				ASSETCATALOG_COMPILER_APPICON_NAME = AppIcon;
				ASSETCATALOG_COMPILER_GLOBAL_ACCENT_COLOR_NAME = AccentColor;
				CODE_SIGN_STYLE = Automatic;
				CURRENT_PROJECT_VERSION = 1;
				DEVELOPMENT_ASSET_PATHS = "\"dash/Preview Content\"";
				DEVELOPMENT_TEAM = 6TUGPA6N3Q;
				ENABLE_PREVIEWS = YES;
				GENERATE_INFOPLIST_FILE = YES;
				INFOPLIST_KEY_CFBundleDisplayName = DASH;
				INFOPLIST_KEY_LSApplicationCategoryType = "public.app-category.developer-tools";
				INFOPLIST_KEY_NSCameraUsageDescription = "";
				INFOPLIST_KEY_UIApplicationSupportsIndirectInputEvents = YES;
				INFOPLIST_KEY_UILaunchScreen_Generation = YES;
				INFOPLIST_KEY_UIRequiredDeviceCapabilities = arkit;
				INFOPLIST_KEY_UIStatusBarHidden = YES;
				INFOPLIST_KEY_UISupportedInterfaceOrientations = UIInterfaceOrientationPortrait;
				IPHONEOS_DEPLOYMENT_TARGET = 18.0;
				LD_RUNPATH_SEARCH_PATHS = (
					"$(inherited)",
					"@executable_path/Frameworks",
				);
				MARKETING_VERSION = 1.0;
				PRODUCT_BUNDLE_IDENTIFIER = com.example.tszjhlr.dash;
				PRODUCT_NAME = "$(TARGET_NAME)";
				SUPPORTED_PLATFORMS = "iphoneos iphonesimulator";
				SUPPORTS_MACCATALYST = NO;
				SUPPORTS_MAC_DESIGNED_FOR_IPHONE_IPAD = NO;
				SUPPORTS_XR_DESIGNED_FOR_IPHONE_IPAD = NO;
				SWIFT_EMIT_LOC_STRINGS = YES;
				SWIFT_VERSION = 5.0;
				TARGETED_DEVICE_FAMILY = 1;
			};
			name = Release;
		};
		9F83BBC62D7AC6900097C496 /* Debug */ = {
			isa = XCBuildConfiguration;
			buildSettings = {
				BUNDLE_LOADER = "$(TEST_HOST)";
				CODE_SIGN_STYLE = Automatic;
				CURRENT_PROJECT_VERSION = 1;
				DEVELOPMENT_TEAM = 6TUGPA6N3Q;
				GENERATE_INFOPLIST_FILE = YES;
				IPHONEOS_DEPLOYMENT_TARGET = 18.2;
				MARKETING_VERSION = 1.0;
				PRODUCT_BUNDLE_IDENTIFIER = com.example.tszjhlr.dashTests;
				PRODUCT_NAME = "$(TARGET_NAME)";
				SWIFT_EMIT_LOC_STRINGS = NO;
				SWIFT_VERSION = 5.0;
				TARGETED_DEVICE_FAMILY = "1,2";
				TEST_HOST = "$(BUILT_PRODUCTS_DIR)/dash.app/$(BUNDLE_EXECUTABLE_FOLDER_PATH)/dash";
			};
			name = Debug;
		};
		9F83BBC72D7AC6900097C496 /* Release */ = {
			isa = XCBuildConfiguration;
			buildSettings = {
				BUNDLE_LOADER = "$(TEST_HOST)";
				CODE_SIGN_STYLE = Automatic;
				CURRENT_PROJECT_VERSION = 1;
				DEVELOPMENT_TEAM = 6TUGPA6N3Q;
				GENERATE_INFOPLIST_FILE = YES;
				IPHONEOS_DEPLOYMENT_TARGET = 18.2;
				MARKETING_VERSION = 1.0;
				PRODUCT_BUNDLE_IDENTIFIER = com.example.tszjhlr.dashTests;
				PRODUCT_NAME = "$(TARGET_NAME)";
				SWIFT_EMIT_LOC_STRINGS = NO;
				SWIFT_VERSION = 5.0;
				TARGETED_DEVICE_FAMILY = "1,2";
				TEST_HOST = "$(BUILT_PRODUCTS_DIR)/dash.app/$(BUNDLE_EXECUTABLE_FOLDER_PATH)/dash";
			};
			name = Release;
		};
		9F83BBC92D7AC6900097C496 /* Debug */ = {
			isa = XCBuildConfiguration;
			buildSettings = {
				CODE_SIGN_STYLE = Automatic;
				CURRENT_PROJECT_VERSION = 1;
				DEVELOPMENT_TEAM = 6TUGPA6N3Q;
				GENERATE_INFOPLIST_FILE = YES;
				MARKETING_VERSION = 1.0;
				PRODUCT_BUNDLE_IDENTIFIER = com.example.tszjhlr.dashUITests;
				PRODUCT_NAME = "$(TARGET_NAME)";
				SWIFT_EMIT_LOC_STRINGS = NO;
				SWIFT_VERSION = 5.0;
				TARGETED_DEVICE_FAMILY = "1,2";
				TEST_TARGET_NAME = dash;
			};
			name = Debug;
		};
		9F83BBCA2D7AC6900097C496 /* Release */ = {
			isa = XCBuildConfiguration;
			buildSettings = {
				CODE_SIGN_STYLE = Automatic;
				CURRENT_PROJECT_VERSION = 1;
				DEVELOPMENT_TEAM = 6TUGPA6N3Q;
				GENERATE_INFOPLIST_FILE = YES;
				MARKETING_VERSION = 1.0;
				PRODUCT_BUNDLE_IDENTIFIER = com.example.tszjhlr.dashUITests;
				PRODUCT_NAME = "$(TARGET_NAME)";
				SWIFT_EMIT_LOC_STRINGS = NO;
				SWIFT_VERSION = 5.0;
				TARGETED_DEVICE_FAMILY = "1,2";
				TEST_TARGET_NAME = dash;
			};
			name = Release;
		};
/* End XCBuildConfiguration section */

/* Begin XCConfigurationList section */
		9F83BB992D7AC6900097C496 /* Build configuration list for PBXProject "dash" */ = {
			isa = XCConfigurationList;
			buildConfigurations = (
				9F83BBC02D7AC6900097C496 /* Debug */,
				9F83BBC12D7AC6900097C496 /* Release */,
			);
			defaultConfigurationIsVisible = 0;
			defaultConfigurationName = Release;
		};
		9F83BBC22D7AC6900097C496 /* Build configuration list for PBXNativeTarget "dash" */ = {
			isa = XCConfigurationList;
			buildConfigurations = (
				9F83BBC32D7AC6900097C496 /* Debug */,
				9F83BBC42D7AC6900097C496 /* Release */,
			);
			defaultConfigurationIsVisible = 0;
			defaultConfigurationName = Release;
		};
		9F83BBC52D7AC6900097C496 /* Build configuration list for PBXNativeTarget "dashTests" */ = {
			isa = XCConfigurationList;
			buildConfigurations = (
				9F83BBC62D7AC6900097C496 /* Debug */,
				9F83BBC72D7AC6900097C496 /* Release */,
			);
			defaultConfigurationIsVisible = 0;
			defaultConfigurationName = Release;
		};
		9F83BBC82D7AC6900097C496 /* Build configuration list for PBXNativeTarget "dashUITests" */ = {
			isa = XCConfigurationList;
			buildConfigurations = (
				9F83BBC92D7AC6900097C496 /* Debug */,
				9F83BBCA2D7AC6900097C496 /* Release */,
			);
			defaultConfigurationIsVisible = 0;
			defaultConfigurationName = Release;
		};
/* End XCConfigurationList section */
	};
	rootObject = 9F83BB962D7AC6900097C496 /* Project object */;
}
